# This file is automatically @generated by Cargo.
# It is not intended for manual editing.
version = 3

[[package]]
name = "adler32"
version = "0.2.0"
source = "registry+https://github.com/rust-lang/crates.io-index"
checksum = "e928aa58f6dbd754bda26eca562a242549cb606e27a2240fc305fc75a7f12af9"

[[package]]
name = "ar"
version = "0.6.0"
source = "registry+https://github.com/rust-lang/crates.io-index"
checksum = "095515608290b62ac2427084f9ac3cfeb5dc76067f7d94564db9db1c46cc0a85"
dependencies = [
 "byteorder 1.2.7",
]

[[package]]
name = "bitflags"
version = "1.3.2"
source = "registry+https://github.com/rust-lang/crates.io-index"
checksum = "bef38d45163c2f1dde094a7dfd33ccf595c92905c8f8f4fdc18d06fb1037718a"

[[package]]
name = "build_const"
version = "0.2.1"
source = "registry+https://github.com/rust-lang/crates.io-index"
checksum = "39092a32794787acd8525ee150305ff051b0aa6cc2abaf193924f5ab05425f39"

[[package]]
name = "byteorder"
version = "0.5.3"
source = "registry+https://github.com/rust-lang/crates.io-index"
checksum = "0fc10e8cc6b2580fda3f36eb6dc5316657f812a3df879a44a66fc9f0fdbc4855"

[[package]]
name = "byteorder"
version = "1.2.7"
source = "registry+https://github.com/rust-lang/crates.io-index"
checksum = "94f88df23a25417badc922ab0f5716cc1330e87f71ddd9203b3a3ccd9cedf75d"

[[package]]
name = "cargo-deb"
version = "1.14.1"
dependencies = [
 "ar",
 "cargo_toml",
 "file",
 "getopts",
 "glob",
 "md5",
 "quick-error",
 "serde",
 "serde_derive",
 "serde_json",
 "tar",
 "tempdir",
 "toml",
 "xz2",
 "zopfli",
]

[[package]]
name = "cargo_toml"
version = "0.3.0"
source = "registry+https://github.com/rust-lang/crates.io-index"
checksum = "f1226871a2d0bca986f053067d1ad8312bfd8e86dc9c9c821d0f527033762842"
dependencies = [
 "serde",
 "serde_derive",
 "toml",
]

[[package]]
name = "cc"
version = "1.0.25"
source = "registry+https://github.com/rust-lang/crates.io-index"
checksum = "f159dfd43363c4d08055a07703eb7a3406b0dac4d0584d96965a3262db3c9d16"

[[package]]
name = "cfg-if"
version = "1.0.0"
source = "registry+https://github.com/rust-lang/crates.io-index"
checksum = "baf1de4339761588bc0619e3cbc0120ee582ebb74b53b4efbf79117bd2da40fd"

[[package]]
name = "crc"
version = "1.8.1"
source = "registry+https://github.com/rust-lang/crates.io-index"
checksum = "d663548de7f5cca343f1e0a48d14dcfb0e9eb4e079ec58883b7251539fa10aeb"
dependencies = [
 "build_const",
]

[[package]]
name = "file"
version = "1.1.2"
source = "registry+https://github.com/rust-lang/crates.io-index"
checksum = "072420e920a41e95a021116fb47c331d1199aab0f12ca1f77903d5c0ec65c37a"

[[package]]
name = "filetime"
version = "0.2.16"
source = "registry+https://github.com/rust-lang/crates.io-index"
checksum = "c0408e2626025178a6a7f7ffc05a25bc47103229f19c113755de7bf63816290c"
dependencies = [
 "cfg-if",
 "libc",
 "redox_syscall",
 "winapi",
]

[[package]]
name = "fuchsia-zircon"
version = "0.3.3"
source = "registry+https://github.com/rust-lang/crates.io-index"
checksum = "2e9763c69ebaae630ba35f74888db465e49e259ba1bc0eda7d06f4a067615d82"
dependencies = [
 "bitflags",
 "fuchsia-zircon-sys",
]

[[package]]
name = "fuchsia-zircon-sys"
version = "0.3.3"
source = "registry+https://github.com/rust-lang/crates.io-index"
checksum = "3dcaa9ae7725d12cdb85b3ad99a434db70b468c09ded17e012d86b5c1010f7a7"

[[package]]
name = "getopts"
version = "0.2.18"
source = "registry+https://github.com/rust-lang/crates.io-index"
checksum = "0a7292d30132fb5424b354f5dc02512a86e4c516fe544bb7a25e7f266951b797"
dependencies = [
 "unicode-width",
]

[[package]]
name = "glob"
version = "0.2.11"
source = "registry+https://github.com/rust-lang/crates.io-index"
checksum = "8be18de09a56b60ed0edf84bc9df007e30040691af7acd1c41874faac5895bfb"

[[package]]
name = "itoa"
version = "0.4.3"
source = "registry+https://github.com/rust-lang/crates.io-index"
checksum = "1306f3464951f30e30d12373d31c79fbd52d236e5e896fd92f96ec7babbbe60b"

[[package]]
name = "libc"
version = "0.2.43"
source = "registry+https://github.com/rust-lang/crates.io-index"
checksum = "76e3a3ef172f1a0b9a9ff0dd1491ae5e6c948b94479a3021819ba7d860c8645d"

[[package]]
name = "lzma-sys"
version = "0.1.11"
source = "registry+https://github.com/rust-lang/crates.io-index"
checksum = "144bd03f1e992eb9a3b236779f3438abc7e747cbb6c5c2c21c07b557aab26836"
dependencies = [
 "cc",
 "libc",
 "pkg-config",
]

[[package]]
name = "md5"
version = "0.5.0"
source = "registry+https://github.com/rust-lang/crates.io-index"
checksum = "c1ad8b18d0b6ae54e03c9fe1f7dea2ee5f8e0115a87611316794be1bc51537f7"

[[package]]
name = "pkg-config"
version = "0.3.14"
source = "registry+https://github.com/rust-lang/crates.io-index"
checksum = "676e8eb2b1b4c9043511a9b7bea0915320d7e502b0a079fb03f9635a5252b18c"

[[package]]
name = "proc-macro2"
version = "0.4.20"
source = "registry+https://github.com/rust-lang/crates.io-index"
checksum = "3d7b7eaaa90b4a90a932a9ea6666c95a389e424eff347f0f793979289429feee"
dependencies = [
 "unicode-xid",
]

[[package]]
name = "quick-error"
version = "1.2.2"
source = "registry+https://github.com/rust-lang/crates.io-index"
checksum = "9274b940887ce9addde99c4eee6b5c44cc494b182b97e73dc8ffdcb3397fd3f0"

[[package]]
name = "quote"
version = "0.6.8"
source = "registry+https://github.com/rust-lang/crates.io-index"
checksum = "dd636425967c33af890042c483632d33fa7a18f19ad1d7ea72e8998c6ef8dea5"
dependencies = [
 "proc-macro2",
]

[[package]]
name = "rand"
version = "0.4.3"
source = "registry+https://github.com/rust-lang/crates.io-index"
checksum = "8356f47b32624fef5b3301c1be97e5944ecdd595409cc5da11d05f211db6cfbd"
dependencies = [
 "fuchsia-zircon",
 "libc",
 "winapi",
]

[[package]]
name = "redox_syscall"
version = "0.2.13"
source = "registry+https://github.com/rust-lang/crates.io-index"
checksum = "62f25bc4c7e55e0b0b7a1d43fb893f4fa1361d0abe38b9ce4f323c2adfe6ef42"
dependencies = [
 "bitflags",
]

[[package]]
name = "remove_dir_all"
version = "0.5.1"
source = "registry+https://github.com/rust-lang/crates.io-index"
checksum = "3488ba1b9a2084d38645c4c08276a1752dcbf2c7130d74f1569681ad5d2799c5"
dependencies = [
 "winapi",
]

[[package]]
name = "ryu"
version = "0.2.6"
source = "registry+https://github.com/rust-lang/crates.io-index"
checksum = "7153dd96dade874ab973e098cb62fcdbb89a03682e46b144fd09550998d4a4a7"

[[package]]
name = "serde"
version = "1.0.80"
source = "registry+https://github.com/rust-lang/crates.io-index"
checksum = "15c141fc7027dd265a47c090bf864cf62b42c4d228bbcf4e51a0c9e2b0d3f7ef"

[[package]]
name = "serde_derive"
version = "1.0.80"
source = "registry+https://github.com/rust-lang/crates.io-index"
checksum = "225de307c6302bec3898c51ca302fc94a7a1697ef0845fcee6448f33c032249c"
dependencies = [
 "proc-macro2",
 "quote",
 "syn",
]

[[package]]
name = "serde_json"
version = "1.0.32"
source = "registry+https://github.com/rust-lang/crates.io-index"
checksum = "43344e7ce05d0d8280c5940cabb4964bea626aa58b1ec0e8c73fa2a8512a38ce"
dependencies = [
 "itoa",
 "ryu",
 "serde",
]

[[package]]
name = "syn"
version = "0.15.15"
source = "registry+https://github.com/rust-lang/crates.io-index"
checksum = "0a9c2bf1e53c21704a7cce1b2a42768f1ae32a6777108a0d7f1faa4bfe7f7c04"
dependencies = [
 "proc-macro2",
 "quote",
 "unicode-xid",
]

[[package]]
name = "tar"
version = "0.4.36"
source = "registry+https://github.com/rust-lang/crates.io-index"
checksum = "8190d9cdacf6ee1b080605fd719b58d80a9fcbcea64db6744b26f743da02e447"
dependencies = [
 "filetime",
 "libc",
 "xattr",
]

[[package]]
name = "tempdir"
version = "0.3.7"
source = "registry+https://github.com/rust-lang/crates.io-index"
checksum = "15f2b5fb00ccdf689e0149d1b1b3c03fead81c2b37735d812fa8bddbbf41b6d8"
dependencies = [
 "rand",
 "remove_dir_all",
]

[[package]]
name = "toml"
version = "0.4.8"
source = "registry+https://github.com/rust-lang/crates.io-index"
checksum = "4a2ecc31b0351ea18b3fe11274b8db6e4d82bce861bbb22e6dbed40417902c65"
dependencies = [
 "serde",
]

[[package]]
name = "typed-arena"
version = "1.4.1"
source = "registry+https://github.com/rust-lang/crates.io-index"
checksum = "c6c06a92aef38bb4dc5b0df00d68496fc31307c5344c867bb61678c6e1671ec5"

[[package]]
name = "unicode-width"
version = "0.1.5"
source = "registry+https://github.com/rust-lang/crates.io-index"
checksum = "882386231c45df4700b275c7ff55b6f3698780a650026380e72dabe76fa46526"

[[package]]
name = "unicode-xid"
version = "0.1.0"
source = "registry+https://github.com/rust-lang/crates.io-index"
checksum = "fc72304796d0818e357ead4e000d19c9c174ab23dc11093ac919054d20a6a7fc"

[[package]]
name = "winapi"
version = "0.3.6"
source = "registry+https://github.com/rust-lang/crates.io-index"
checksum = "92c1eb33641e276cfa214a0522acad57be5c56b10cb348b3c5117db75f3ac4b0"
dependencies = [
 "winapi-i686-pc-windows-gnu",
 "winapi-x86_64-pc-windows-gnu",
]

[[package]]
name = "winapi-i686-pc-windows-gnu"
version = "0.4.0"
source = "registry+https://github.com/rust-lang/crates.io-index"
checksum = "ac3b87c63620426dd9b991e5ce0329eff545bccbbb34f3be09ff6fb6ab51b7b6"

[[package]]
name = "winapi-x86_64-pc-windows-gnu"
version = "0.4.0"
source = "registry+https://github.com/rust-lang/crates.io-index"
checksum = "712e227841d057c1ee1cd2fb22fa7e5a5461ae8e48fa2ca79ec42cfc1931183f"

[[package]]
name = "xattr"
version = "0.2.2"
source = "registry+https://github.com/rust-lang/crates.io-index"
checksum = "244c3741f4240ef46274860397c7c74e50eb23624996930e484c16679633a54c"
dependencies = [
 "libc",
]

[[package]]
name = "xz2"
version = "0.1.6"
source = "registry+https://github.com/rust-lang/crates.io-index"
checksum = "c179869f34fc7c01830d3ce7ea2086bc3a07e0d35289b667d0a8bf910258926c"
dependencies = [
 "lzma-sys",
]

[[package]]
name = "zopfli"
version = "0.3.7"
source = "registry+https://github.com/rust-lang/crates.io-index"
checksum = "9fd2fb70c78a87410032abe2a9eb2bec4984a2d9bc26adb1f8f768e02673e84e"
dependencies = [
 "adler32",
 "byteorder 0.5.3",
 "crc",
 "typed-arena",
]
